// !$*UTF8*$!
{
	archiveVersion = 1;
	classes = {
	};
	objectVersion = 50;
	objects = {

/* Begin PBXBuildFile section */
		CF2DCBB7253428AE003D5C22 /* SampleViewCell.swift in Sources */ = {isa = PBXBuildFile; fileRef = CF2DCBB5253428AE003D5C22 /* SampleViewCell.swift */; };
		CF2DCBB8253428AE003D5C22 /* SampleViewCell.xib in Resources */ = {isa = PBXBuildFile; fileRef = CF2DCBB6253428AE003D5C22 /* SampleViewCell.xib */; };
		CF3CC3B525255B31003A9032 /* AppDelegate.swift in Sources */ = {isa = PBXBuildFile; fileRef = CF3CC3B425255B31003A9032 /* AppDelegate.swift */; };
		CF3CC3B725255B31003A9032 /* SceneDelegate.swift in Sources */ = {isa = PBXBuildFile; fileRef = CF3CC3B625255B31003A9032 /* SceneDelegate.swift */; };
		CF3CC3BE25255B33003A9032 /* Assets.xcassets in Resources */ = {isa = PBXBuildFile; fileRef = CF3CC3BD25255B33003A9032 /* Assets.xcassets */; };
		CF3CC3C125255B33003A9032 /* LaunchScreen.storyboard in Resources */ = {isa = PBXBuildFile; fileRef = CF3CC3BF25255B33003A9032 /* LaunchScreen.storyboard */; };
		CF3CC3CC25255B33003A9032 /* CollectionViewPracticeTests.swift in Sources */ = {isa = PBXBuildFile; fileRef = CF3CC3CB25255B33003A9032 /* CollectionViewPracticeTests.swift */; };
		CF3CC3D725255B33003A9032 /* CollectionViewPracticeUITests.swift in Sources */ = {isa = PBXBuildFile; fileRef = CF3CC3D625255B33003A9032 /* CollectionViewPracticeUITests.swift */; };
		CF3CC4042525A9DB003A9032 /* ListCell.swift in Sources */ = {isa = PBXBuildFile; fileRef = CF3CC4032525A9DB003A9032 /* ListCell.swift */; };
		CF3CC4092525AA36003A9032 /* TextCell.swift in Sources */ = {isa = PBXBuildFile; fileRef = CF3CC4082525AA36003A9032 /* TextCell.swift */; };
		CF50EEED25343C7200A09790 /* MainViewController.swift in Sources */ = {isa = PBXBuildFile; fileRef = CF50EEEC25343C7200A09790 /* MainViewController.swift */; };
		CF50EEF525343C8D00A09790 /* MainViewController.storyboard in Resources */ = {isa = PBXBuildFile; fileRef = CF50EEF425343C8D00A09790 /* MainViewController.storyboard */; };
		CF50EF28253536A200A09790 /* InsetGridwithiOS14ViewController.swift in Sources */ = {isa = PBXBuildFile; fileRef = CF50EF27253536A200A09790 /* InsetGridwithiOS14ViewController.swift */; };
		CF50EF30253536DA00A09790 /* InsetGridwithiOS14ViewController.storyboard in Resources */ = {isa = PBXBuildFile; fileRef = CF50EF2F253536DA00A09790 /* InsetGridwithiOS14ViewController.storyboard */; };
		CF97B0572534267B007E1EC9 /* SampleCollectionViewController.swift in Sources */ = {isa = PBXBuildFile; fileRef = CF97B0562534267B007E1EC9 /* SampleCollectionViewController.swift */; };
		CFFE050A25387C8C0089FA89 /* HorizontalMultiScrollViewController.swift in Sources */ = {isa = PBXBuildFile; fileRef = CFFE050925387C8C0089FA89 /* HorizontalMultiScrollViewController.swift */; };
		CFFE051225387C9A0089FA89 /* HorizontalMultiScrollViewController.storyboard in Resources */ = {isa = PBXBuildFile; fileRef = CFFE051125387C9A0089FA89 /* HorizontalMultiScrollViewController.storyboard */; };
		CFFE0518253881D70089FA89 /* HorizontalViewCell.swift in Sources */ = {isa = PBXBuildFile; fileRef = CFFE0516253881D70089FA89 /* HorizontalViewCell.swift */; };
		CFFE0519253881D70089FA89 /* HorizontalViewCell.xib in Resources */ = {isa = PBXBuildFile; fileRef = CFFE0517253881D70089FA89 /* HorizontalViewCell.xib */; };
/* End PBXBuildFile section */

/* Begin PBXContainerItemProxy section */
		CF3CC3C825255B33003A9032 /* PBXContainerItemProxy */ = {
			isa = PBXContainerItemProxy;
			containerPortal = CF3CC3A925255B31003A9032 /* Project object */;
			proxyType = 1;
			remoteGlobalIDString = CF3CC3B025255B31003A9032;
			remoteInfo = CollectionViewPractice;
		};
		CF3CC3D325255B33003A9032 /* PBXContainerItemProxy */ = {
			isa = PBXContainerItemProxy;
			containerPortal = CF3CC3A925255B31003A9032 /* Project object */;
			proxyType = 1;
			remoteGlobalIDString = CF3CC3B025255B31003A9032;
			remoteInfo = CollectionViewPractice;
		};
/* End PBXContainerItemProxy section */

/* Begin PBXFileReference section */
		CF2DCBB5253428AE003D5C22 /* SampleViewCell.swift */ = {isa = PBXFileReference; lastKnownFileType = sourcecode.swift; path = SampleViewCell.swift; sourceTree = "<group>"; };
		CF2DCBB6253428AE003D5C22 /* SampleViewCell.xib */ = {isa = PBXFileReference; lastKnownFileType = file.xib; path = SampleViewCell.xib; sourceTree = "<group>"; };
		CF3CC3B125255B31003A9032 /* CollectionViewPractice.app */ = {isa = PBXFileReference; explicitFileType = wrapper.application; includeInIndex = 0; path = CollectionViewPractice.app; sourceTree = BUILT_PRODUCTS_DIR; };
		CF3CC3B425255B31003A9032 /* AppDelegate.swift */ = {isa = PBXFileReference; lastKnownFileType = sourcecode.swift; path = AppDelegate.swift; sourceTree = "<group>"; };
		CF3CC3B625255B31003A9032 /* SceneDelegate.swift */ = {isa = PBXFileReference; lastKnownFileType = sourcecode.swift; path = SceneDelegate.swift; sourceTree = "<group>"; };
		CF3CC3BD25255B33003A9032 /* Assets.xcassets */ = {isa = PBXFileReference; lastKnownFileType = folder.assetcatalog; path = Assets.xcassets; sourceTree = "<group>"; };
		CF3CC3C025255B33003A9032 /* Base */ = {isa = PBXFileReference; lastKnownFileType = file.storyboard; name = Base; path = Base.lproj/LaunchScreen.storyboard; sourceTree = "<group>"; };
		CF3CC3C225255B33003A9032 /* Info.plist */ = {isa = PBXFileReference; lastKnownFileType = text.plist.xml; path = Info.plist; sourceTree = "<group>"; };
		CF3CC3C725255B33003A9032 /* CollectionViewPracticeTests.xctest */ = {isa = PBXFileReference; explicitFileType = wrapper.cfbundle; includeInIndex = 0; path = CollectionViewPracticeTests.xctest; sourceTree = BUILT_PRODUCTS_DIR; };
		CF3CC3CB25255B33003A9032 /* CollectionViewPracticeTests.swift */ = {isa = PBXFileReference; lastKnownFileType = sourcecode.swift; path = CollectionViewPracticeTests.swift; sourceTree = "<group>"; };
		CF3CC3CD25255B33003A9032 /* Info.plist */ = {isa = PBXFileReference; lastKnownFileType = text.plist.xml; path = Info.plist; sourceTree = "<group>"; };
		CF3CC3D225255B33003A9032 /* CollectionViewPracticeUITests.xctest */ = {isa = PBXFileReference; explicitFileType = wrapper.cfbundle; includeInIndex = 0; path = CollectionViewPracticeUITests.xctest; sourceTree = BUILT_PRODUCTS_DIR; };
		CF3CC3D625255B33003A9032 /* CollectionViewPracticeUITests.swift */ = {isa = PBXFileReference; lastKnownFileType = sourcecode.swift; path = CollectionViewPracticeUITests.swift; sourceTree = "<group>"; };
		CF3CC3D825255B33003A9032 /* Info.plist */ = {isa = PBXFileReference; lastKnownFileType = text.plist.xml; path = Info.plist; sourceTree = "<group>"; };
		CF3CC4032525A9DB003A9032 /* ListCell.swift */ = {isa = PBXFileReference; lastKnownFileType = sourcecode.swift; path = ListCell.swift; sourceTree = "<group>"; };
		CF3CC4082525AA36003A9032 /* TextCell.swift */ = {isa = PBXFileReference; lastKnownFileType = sourcecode.swift; path = TextCell.swift; sourceTree = "<group>"; };
		CF50EEEC25343C7200A09790 /* MainViewController.swift */ = {isa = PBXFileReference; lastKnownFileType = sourcecode.swift; path = MainViewController.swift; sourceTree = "<group>"; };
		CF50EEF425343C8D00A09790 /* MainViewController.storyboard */ = {isa = PBXFileReference; lastKnownFileType = file.storyboard; path = MainViewController.storyboard; sourceTree = "<group>"; };
		CF50EF27253536A200A09790 /* InsetGridwithiOS14ViewController.swift */ = {isa = PBXFileReference; lastKnownFileType = sourcecode.swift; path = InsetGridwithiOS14ViewController.swift; sourceTree = "<group>"; };
		CF50EF2F253536DA00A09790 /* InsetGridwithiOS14ViewController.storyboard */ = {isa = PBXFileReference; lastKnownFileType = file.storyboard; path = InsetGridwithiOS14ViewController.storyboard; sourceTree = "<group>"; };
		CF97B0562534267B007E1EC9 /* SampleCollectionViewController.swift */ = {isa = PBXFileReference; lastKnownFileType = sourcecode.swift; path = SampleCollectionViewController.swift; sourceTree = "<group>"; };
		CFFE050925387C8C0089FA89 /* HorizontalMultiScrollViewController.swift */ = {isa = PBXFileReference; lastKnownFileType = sourcecode.swift; path = HorizontalMultiScrollViewController.swift; sourceTree = "<group>"; };
		CFFE051125387C9A0089FA89 /* HorizontalMultiScrollViewController.storyboard */ = {isa = PBXFileReference; lastKnownFileType = file.storyboard; path = HorizontalMultiScrollViewController.storyboard; sourceTree = "<group>"; };
		CFFE0516253881D70089FA89 /* HorizontalViewCell.swift */ = {isa = PBXFileReference; lastKnownFileType = sourcecode.swift; path = HorizontalViewCell.swift; sourceTree = "<group>"; };
		CFFE0517253881D70089FA89 /* HorizontalViewCell.xib */ = {isa = PBXFileReference; lastKnownFileType = file.xib; path = HorizontalViewCell.xib; sourceTree = "<group>"; };
/* End PBXFileReference section */

/* Begin PBXFrameworksBuildPhase section */
		CF3CC3AE25255B31003A9032 /* Frameworks */ = {
			isa = PBXFrameworksBuildPhase;
			buildActionMask = 2147483647;
			files = (
			);
			runOnlyForDeploymentPostprocessing = 0;
		};
		CF3CC3C425255B33003A9032 /* Frameworks */ = {
			isa = PBXFrameworksBuildPhase;
			buildActionMask = 2147483647;
			files = (
			);
			runOnlyForDeploymentPostprocessing = 0;
		};
		CF3CC3CF25255B33003A9032 /* Frameworks */ = {
			isa = PBXFrameworksBuildPhase;
			buildActionMask = 2147483647;
			files = (
			);
			runOnlyForDeploymentPostprocessing = 0;
		};
/* End PBXFrameworksBuildPhase section */

/* Begin PBXGroup section */
		CF2DCBB425342858003D5C22 /* SampleCollectionView */ = {
			isa = PBXGroup;
			children = (
				CF97B0562534267B007E1EC9 /* SampleCollectionViewController.swift */,
				CF2DCBB5253428AE003D5C22 /* SampleViewCell.swift */,
				CF2DCBB6253428AE003D5C22 /* SampleViewCell.xib */,
			);
			path = SampleCollectionView;
			sourceTree = "<group>";
		};
		CF3CC3A825255B31003A9032 = {
			isa = PBXGroup;
			children = (
				CF3CC3B325255B31003A9032 /* CollectionViewPractice */,
				CF3CC3CA25255B33003A9032 /* CollectionViewPracticeTests */,
				CF3CC3D525255B33003A9032 /* CollectionViewPracticeUITests */,
				CF3CC3B225255B31003A9032 /* Products */,
			);
			sourceTree = "<group>";
		};
		CF3CC3B225255B31003A9032 /* Products */ = {
			isa = PBXGroup;
			children = (
				CF3CC3B125255B31003A9032 /* CollectionViewPractice.app */,
				CF3CC3C725255B33003A9032 /* CollectionViewPracticeTests.xctest */,
				CF3CC3D225255B33003A9032 /* CollectionViewPracticeUITests.xctest */,
			);
			name = Products;
			sourceTree = "<group>";
		};
		CF3CC3B325255B31003A9032 /* CollectionViewPractice */ = {
			isa = PBXGroup;
			children = (
				CFFE050825387C670089FA89 /* MultiScroll */,
				CF50EF262535368000A09790 /* iOS14 */,
				CF50EEF925343C9800A09790 /* Main */,
				CF2DCBB425342858003D5C22 /* SampleCollectionView */,
				CF3CC3B425255B31003A9032 /* AppDelegate.swift */,
				CF3CC3B625255B31003A9032 /* SceneDelegate.swift */,
				CF3CC3BD25255B33003A9032 /* Assets.xcassets */,
				CF3CC3BF25255B33003A9032 /* LaunchScreen.storyboard */,
				CF3CC3C225255B33003A9032 /* Info.plist */,
				CF3CC4032525A9DB003A9032 /* ListCell.swift */,
				CF3CC4082525AA36003A9032 /* TextCell.swift */,
			);
			path = CollectionViewPractice;
			sourceTree = "<group>";
		};
		CF3CC3CA25255B33003A9032 /* CollectionViewPracticeTests */ = {
			isa = PBXGroup;
			children = (
				CF3CC3CB25255B33003A9032 /* CollectionViewPracticeTests.swift */,
				CF3CC3CD25255B33003A9032 /* Info.plist */,
			);
			path = CollectionViewPracticeTests;
			sourceTree = "<group>";
		};
		CF3CC3D525255B33003A9032 /* CollectionViewPracticeUITests */ = {
			isa = PBXGroup;
			children = (
				CF3CC3D625255B33003A9032 /* CollectionViewPracticeUITests.swift */,
				CF3CC3D825255B33003A9032 /* Info.plist */,
			);
			path = CollectionViewPracticeUITests;
			sourceTree = "<group>";
		};
		CF50EEF925343C9800A09790 /* Main */ = {
			isa = PBXGroup;
			children = (
				CF50EEF425343C8D00A09790 /* MainViewController.storyboard */,
				CF50EEEC25343C7200A09790 /* MainViewController.swift */,
			);
			name = Main;
			sourceTree = "<group>";
		};
		CF50EF262535368000A09790 /* iOS14 */ = {
			isa = PBXGroup;
			children = (
				CF50EF27253536A200A09790 /* InsetGridwithiOS14ViewController.swift */,
				CF50EF2F253536DA00A09790 /* InsetGridwithiOS14ViewController.storyboard */,
			);
			path = iOS14;
			sourceTree = "<group>";
		};
		CFFE050825387C670089FA89 /* MultiScroll */ = {
			isa = PBXGroup;
			children = (
				CFFE051D253881E00089FA89 /* Views */,
				CFFE050925387C8C0089FA89 /* HorizontalMultiScrollViewController.swift */,
				CFFE051125387C9A0089FA89 /* HorizontalMultiScrollViewController.storyboard */,
			);
			path = MultiScroll;
			sourceTree = "<group>";
		};
		CFFE051D253881E00089FA89 /* Views */ = {
			isa = PBXGroup;
			children = (
				CFFE0516253881D70089FA89 /* HorizontalViewCell.swift */,
				CFFE0517253881D70089FA89 /* HorizontalViewCell.xib */,
			);
			path = Views;
			sourceTree = "<group>";
		};
/* End PBXGroup section */

/* Begin PBXNativeTarget section */
		CF3CC3B025255B31003A9032 /* CollectionViewPractice */ = {
			isa = PBXNativeTarget;
			buildConfigurationList = CF3CC3DB25255B33003A9032 /* Build configuration list for PBXNativeTarget "CollectionViewPractice" */;
			buildPhases = (
				CF3CC3AD25255B31003A9032 /* Sources */,
				CF3CC3AE25255B31003A9032 /* Frameworks */,
				CF3CC3AF25255B31003A9032 /* Resources */,
			);
			buildRules = (
			);
			dependencies = (
			);
			name = CollectionViewPractice;
			productName = CollectionViewPractice;
			productReference = CF3CC3B125255B31003A9032 /* CollectionViewPractice.app */;
			productType = "com.apple.product-type.application";
		};
		CF3CC3C625255B33003A9032 /* CollectionViewPracticeTests */ = {
			isa = PBXNativeTarget;
			buildConfigurationList = CF3CC3DE25255B33003A9032 /* Build configuration list for PBXNativeTarget "CollectionViewPracticeTests" */;
			buildPhases = (
				CF3CC3C325255B33003A9032 /* Sources */,
				CF3CC3C425255B33003A9032 /* Frameworks */,
				CF3CC3C525255B33003A9032 /* Resources */,
			);
			buildRules = (
			);
			dependencies = (
				CF3CC3C925255B33003A9032 /* PBXTargetDependency */,
			);
			name = CollectionViewPracticeTests;
			productName = CollectionViewPracticeTests;
			productReference = CF3CC3C725255B33003A9032 /* CollectionViewPracticeTests.xctest */;
			productType = "com.apple.product-type.bundle.unit-test";
		};
		CF3CC3D125255B33003A9032 /* CollectionViewPracticeUITests */ = {
			isa = PBXNativeTarget;
			buildConfigurationList = CF3CC3E125255B33003A9032 /* Build configuration list for PBXNativeTarget "CollectionViewPracticeUITests" */;
			buildPhases = (
				CF3CC3CE25255B33003A9032 /* Sources */,
				CF3CC3CF25255B33003A9032 /* Frameworks */,
				CF3CC3D025255B33003A9032 /* Resources */,
			);
			buildRules = (
			);
			dependencies = (
				CF3CC3D425255B33003A9032 /* PBXTargetDependency */,
			);
			name = CollectionViewPracticeUITests;
			productName = CollectionViewPracticeUITests;
			productReference = CF3CC3D225255B33003A9032 /* CollectionViewPracticeUITests.xctest */;
			productType = "com.apple.product-type.bundle.ui-testing";
		};
/* End PBXNativeTarget section */

/* Begin PBXProject section */
		CF3CC3A925255B31003A9032 /* Project object */ = {
			isa = PBXProject;
			attributes = {
				LastSwiftUpdateCheck = 1200;
				LastUpgradeCheck = 1200;
				TargetAttributes = {
					CF3CC3B025255B31003A9032 = {
						CreatedOnToolsVersion = 12.0.1;
					};
					CF3CC3C625255B33003A9032 = {
						CreatedOnToolsVersion = 12.0.1;
						TestTargetID = CF3CC3B025255B31003A9032;
					};
					CF3CC3D125255B33003A9032 = {
						CreatedOnToolsVersion = 12.0.1;
						TestTargetID = CF3CC3B025255B31003A9032;
					};
				};
			};
			buildConfigurationList = CF3CC3AC25255B31003A9032 /* Build configuration list for PBXProject "CollectionViewPractice" */;
			compatibilityVersion = "Xcode 9.3";
			developmentRegion = en;
			hasScannedForEncodings = 0;
			knownRegions = (
				en,
				Base,
			);
			mainGroup = CF3CC3A825255B31003A9032;
			productRefGroup = CF3CC3B225255B31003A9032 /* Products */;
			projectDirPath = "";
			projectRoot = "";
			targets = (
				CF3CC3B025255B31003A9032 /* CollectionViewPractice */,
				CF3CC3C625255B33003A9032 /* CollectionViewPracticeTests */,
				CF3CC3D125255B33003A9032 /* CollectionViewPracticeUITests */,
			);
		};
/* End PBXProject section */

/* Begin PBXResourcesBuildPhase section */
		CF3CC3AF25255B31003A9032 /* Resources */ = {
			isa = PBXResourcesBuildPhase;
			buildActionMask = 2147483647;
			files = (
				CFFE051225387C9A0089FA89 /* HorizontalMultiScrollViewController.storyboard in Resources */,
				CF50EEF525343C8D00A09790 /* MainViewController.storyboard in Resources */,
				CF2DCBB8253428AE003D5C22 /* SampleViewCell.xib in Resources */,
				CF3CC3C125255B33003A9032 /* LaunchScreen.storyboard in Resources */,
				CF3CC3BE25255B33003A9032 /* Assets.xcassets in Resources */,
				CFFE0519253881D70089FA89 /* HorizontalViewCell.xib in Resources */,
				CF50EF30253536DA00A09790 /* InsetGridwithiOS14ViewController.storyboard in Resources */,
			);
			runOnlyForDeploymentPostprocessing = 0;
		};
		CF3CC3C525255B33003A9032 /* Resources */ = {
			isa = PBXResourcesBuildPhase;
			buildActionMask = 2147483647;
			files = (
			);
			runOnlyForDeploymentPostprocessing = 0;
		};
		CF3CC3D025255B33003A9032 /* Resources */ = {
			isa = PBXResourcesBuildPhase;
			buildActionMask = 2147483647;
			files = (
			);
			runOnlyForDeploymentPostprocessing = 0;
		};
/* End PBXResourcesBuildPhase section */

/* Begin PBXSourcesBuildPhase section */
		CF3CC3AD25255B31003A9032 /* Sources */ = {
			isa = PBXSourcesBuildPhase;
			buildActionMask = 2147483647;
			files = (
				CFFE050A25387C8C0089FA89 /* HorizontalMultiScrollViewController.swift in Sources */,
				CF3CC4092525AA36003A9032 /* TextCell.swift in Sources */,
				CF3CC4042525A9DB003A9032 /* ListCell.swift in Sources */,
				CF50EEED25343C7200A09790 /* MainViewController.swift in Sources */,
				CF3CC3B525255B31003A9032 /* AppDelegate.swift in Sources */,
				CF97B0572534267B007E1EC9 /* SampleCollectionViewController.swift in Sources */,
				CFFE0518253881D70089FA89 /* HorizontalViewCell.swift in Sources */,
				CF50EF28253536A200A09790 /* InsetGridwithiOS14ViewController.swift in Sources */,
				CF2DCBB7253428AE003D5C22 /* SampleViewCell.swift in Sources */,
				CF3CC3B725255B31003A9032 /* SceneDelegate.swift in Sources */,
			);
			runOnlyForDeploymentPostprocessing = 0;
		};
		CF3CC3C325255B33003A9032 /* Sources */ = {
			isa = PBXSourcesBuildPhase;
			buildActionMask = 2147483647;
			files = (
				CF3CC3CC25255B33003A9032 /* CollectionViewPracticeTests.swift in Sources */,
			);
			runOnlyForDeploymentPostprocessing = 0;
		};
		CF3CC3CE25255B33003A9032 /* Sources */ = {
			isa = PBXSourcesBuildPhase;
			buildActionMask = 2147483647;
			files = (
				CF3CC3D725255B33003A9032 /* CollectionViewPracticeUITests.swift in Sources */,
			);
			runOnlyForDeploymentPostprocessing = 0;
		};
/* End PBXSourcesBuildPhase section */

/* Begin PBXTargetDependency section */
		CF3CC3C925255B33003A9032 /* PBXTargetDependency */ = {
			isa = PBXTargetDependency;
			target = CF3CC3B025255B31003A9032 /* CollectionViewPractice */;
			targetProxy = CF3CC3C825255B33003A9032 /* PBXContainerItemProxy */;
		};
		CF3CC3D425255B33003A9032 /* PBXTargetDependency */ = {
			isa = PBXTargetDependency;
			target = CF3CC3B025255B31003A9032 /* CollectionViewPractice */;
			targetProxy = CF3CC3D325255B33003A9032 /* PBXContainerItemProxy */;
		};
/* End PBXTargetDependency section */

/* Begin PBXVariantGroup section */
		CF3CC3BF25255B33003A9032 /* LaunchScreen.storyboard */ = {
			isa = PBXVariantGroup;
			children = (
				CF3CC3C025255B33003A9032 /* Base */,
			);
			name = LaunchScreen.storyboard;
			sourceTree = "<group>";
		};
/* End PBXVariantGroup section */

/* Begin XCBuildConfiguration section */
		CF3CC3D925255B33003A9032 /* Debug */ = {
			isa = XCBuildConfiguration;
			buildSettings = {
				ALWAYS_SEARCH_USER_PATHS = NO;
				CLANG_ANALYZER_NONNULL = YES;
				CLANG_ANALYZER_NUMBER_OBJECT_CONVERSION = YES_AGGRESSIVE;
				CLANG_CXX_LANGUAGE_STANDARD = "gnu++14";
				CLANG_CXX_LIBRARY = "libc++";
				CLANG_ENABLE_MODULES = YES;
				CLANG_ENABLE_OBJC_ARC = YES;
				CLANG_ENABLE_OBJC_WEAK = YES;
				CLANG_WARN_BLOCK_CAPTURE_AUTORELEASING = YES;
				CLANG_WARN_BOOL_CONVERSION = YES;
				CLANG_WARN_COMMA = YES;
				CLANG_WARN_CONSTANT_CONVERSION = YES;
				CLANG_WARN_DEPRECATED_OBJC_IMPLEMENTATIONS = YES;
				CLANG_WARN_DIRECT_OBJC_ISA_USAGE = YES_ERROR;
				CLANG_WARN_DOCUMENTATION_COMMENTS = YES;
				CLANG_WARN_EMPTY_BODY = YES;
				CLANG_WARN_ENUM_CONVERSION = YES;
				CLANG_WARN_INFINITE_RECURSION = YES;
				CLANG_WARN_INT_CONVERSION = YES;
				CLANG_WARN_NON_LITERAL_NULL_CONVERSION = YES;
				CLANG_WARN_OBJC_IMPLICIT_RETAIN_SELF = YES;
				CLANG_WARN_OBJC_LITERAL_CONVERSION = YES;
				CLANG_WARN_OBJC_ROOT_CLASS = YES_ERROR;
				CLANG_WARN_QUOTED_INCLUDE_IN_FRAMEWORK_HEADER = YES;
				CLANG_WARN_RANGE_LOOP_ANALYSIS = YES;
				CLANG_WARN_STRICT_PROTOTYPES = YES;
				CLANG_WARN_SUSPICIOUS_MOVE = YES;
				CLANG_WARN_UNGUARDED_AVAILABILITY = YES_AGGRESSIVE;
				CLANG_WARN_UNREACHABLE_CODE = YES;
				CLANG_WARN__DUPLICATE_METHOD_MATCH = YES;
				COPY_PHASE_STRIP = NO;
				DEBUG_INFORMATION_FORMAT = dwarf;
				ENABLE_STRICT_OBJC_MSGSEND = YES;
				ENABLE_TESTABILITY = YES;
				GCC_C_LANGUAGE_STANDARD = gnu11;
				GCC_DYNAMIC_NO_PIC = NO;
				GCC_NO_COMMON_BLOCKS = YES;
				GCC_OPTIMIZATION_LEVEL = 0;
				GCC_PREPROCESSOR_DEFINITIONS = (
					"DEBUG=1",
					"$(inherited)",
				);
				GCC_WARN_64_TO_32_BIT_CONVERSION = YES;
				GCC_WARN_ABOUT_RETURN_TYPE = YES_ERROR;
				GCC_WARN_UNDECLARED_SELECTOR = YES;
				GCC_WARN_UNINITIALIZED_AUTOS = YES_AGGRESSIVE;
				GCC_WARN_UNUSED_FUNCTION = YES;
				GCC_WARN_UNUSED_VARIABLE = YES;
				IPHONEOS_DEPLOYMENT_TARGET = 14.0;
				MTL_ENABLE_DEBUG_INFO = INCLUDE_SOURCE;
				MTL_FAST_MATH = YES;
				ONLY_ACTIVE_ARCH = YES;
				SDKROOT = iphoneos;
				SWIFT_ACTIVE_COMPILATION_CONDITIONS = DEBUG;
				SWIFT_OPTIMIZATION_LEVEL = "-Onone";
			};
			name = Debug;
		};
		CF3CC3DA25255B33003A9032 /* Release */ = {
			isa = XCBuildConfiguration;
			buildSettings = {
				ALWAYS_SEARCH_USER_PATHS = NO;
				CLANG_ANALYZER_NONNULL = YES;
				CLANG_ANALYZER_NUMBER_OBJECT_CONVERSION = YES_AGGRESSIVE;
				CLANG_CXX_LANGUAGE_STANDARD = "gnu++14";
				CLANG_CXX_LIBRARY = "libc++";
				CLANG_ENABLE_MODULES = YES;
				CLANG_ENABLE_OBJC_ARC = YES;
				CLANG_ENABLE_OBJC_WEAK = YES;
				CLANG_WARN_BLOCK_CAPTURE_AUTORELEASING = YES;
				CLANG_WARN_BOOL_CONVERSION = YES;
				CLANG_WARN_COMMA = YES;
				CLANG_WARN_CONSTANT_CONVERSION = YES;
				CLANG_WARN_DEPRECATED_OBJC_IMPLEMENTATIONS = YES;
				CLANG_WARN_DIRECT_OBJC_ISA_USAGE = YES_ERROR;
				CLANG_WARN_DOCUMENTATION_COMMENTS = YES;
				CLANG_WARN_EMPTY_BODY = YES;
				CLANG_WARN_ENUM_CONVERSION = YES;
				CLANG_WARN_INFINITE_RECURSION = YES;
				CLANG_WARN_INT_CONVERSION = YES;
				CLANG_WARN_NON_LITERAL_NULL_CONVERSION = YES;
				CLANG_WARN_OBJC_IMPLICIT_RETAIN_SELF = YES;
				CLANG_WARN_OBJC_LITERAL_CONVERSION = YES;
				CLANG_WARN_OBJC_ROOT_CLASS = YES_ERROR;
				CLANG_WARN_QUOTED_INCLUDE_IN_FRAMEWORK_HEADER = YES;
				CLANG_WARN_RANGE_LOOP_ANALYSIS = YES;
				CLANG_WARN_STRICT_PROTOTYPES = YES;
				CLANG_WARN_SUSPICIOUS_MOVE = YES;
				CLANG_WARN_UNGUARDED_AVAILABILITY = YES_AGGRESSIVE;
				CLANG_WARN_UNREACHABLE_CODE = YES;
				CLANG_WARN__DUPLICATE_METHOD_MATCH = YES;
				COPY_PHASE_STRIP = NO;
				DEBUG_INFORMATION_FORMAT = "dwarf-with-dsym";
				ENABLE_NS_ASSERTIONS = NO;
				ENABLE_STRICT_OBJC_MSGSEND = YES;
				GCC_C_LANGUAGE_STANDARD = gnu11;
				GCC_NO_COMMON_BLOCKS = YES;
				GCC_WARN_64_TO_32_BIT_CONVERSION = YES;
				GCC_WARN_ABOUT_RETURN_TYPE = YES_ERROR;
				GCC_WARN_UNDECLARED_SELECTOR = YES;
				GCC_WARN_UNINITIALIZED_AUTOS = YES_AGGRESSIVE;
				GCC_WARN_UNUSED_FUNCTION = YES;
				GCC_WARN_UNUSED_VARIABLE = YES;
				IPHONEOS_DEPLOYMENT_TARGET = 14.0;
				MTL_ENABLE_DEBUG_INFO = NO;
				MTL_FAST_MATH = YES;
				SDKROOT = iphoneos;
				SWIFT_COMPILATION_MODE = wholemodule;
				SWIFT_OPTIMIZATION_LEVEL = "-O";
				VALIDATE_PRODUCT = YES;
			};
			name = Release;
		};
		CF3CC3DC25255B33003A9032 /* Debug */ = {
			isa = XCBuildConfiguration;
			buildSettings = {
				ASSETCATALOG_COMPILER_APPICON_NAME = AppIcon;
				ASSETCATALOG_COMPILER_GLOBAL_ACCENT_COLOR_NAME = AccentColor;
				CODE_SIGN_STYLE = Automatic;
				DEVELOPMENT_TEAM = DQ6L6A5H88;
				INFOPLIST_FILE = CollectionViewPractice/Info.plist;
				LD_RUNPATH_SEARCH_PATHS = (
					"$(inherited)",
					"@executable_path/Frameworks",
				);
				PRODUCT_BUNDLE_IDENTIFIER = ChikatoTakenouchi.CollectionViewPractice;
				PRODUCT_NAME = "$(TARGET_NAME)";
				SWIFT_VERSION = 5.0;
				TARGETED_DEVICE_FAMILY = "1,2";
			};
			name = Debug;
		};
		CF3CC3DD25255B33003A9032 /* Release */ = {
			isa = XCBuildConfiguration;
			buildSettings = {
				ASSETCATALOG_COMPILER_APPICON_NAME = AppIcon;
				ASSETCATALOG_COMPILER_GLOBAL_ACCENT_COLOR_NAME = AccentColor;
				CODE_SIGN_STYLE = Automatic;
				DEVELOPMENT_TEAM = DQ6L6A5H88;
				INFOPLIST_FILE = CollectionViewPractice/Info.plist;
				LD_RUNPATH_SEARCH_PATHS = (
					"$(inherited)",
					"@executable_path/Frameworks",
				);
				PRODUCT_BUNDLE_IDENTIFIER = ChikatoTakenouchi.CollectionViewPractice;
				PRODUCT_NAME = "$(TARGET_NAME)";
				SWIFT_VERSION = 5.0;
				TARGETED_DEVICE_FAMILY = "1,2";
			};
			name = Release;
		};
		CF3CC3DF25255B33003A9032 /* Debug */ = {
			isa = XCBuildConfiguration;
			buildSettings = {
				ALWAYS_EMBED_SWIFT_STANDARD_LIBRARIES = YES;
				BUNDLE_LOADER = "$(TEST_HOST)";
				CODE_SIGN_STYLE = Automatic;
				DEVELOPMENT_TEAM = DQ6L6A5H88;
				INFOPLIST_FILE = CollectionViewPracticeTests/Info.plist;
				IPHONEOS_DEPLOYMENT_TARGET = 14.0;
				LD_RUNPATH_SEARCH_PATHS = (
					"$(inherited)",
					"@executable_path/Frameworks",
					"@loader_path/Frameworks",
				);
				PRODUCT_BUNDLE_IDENTIFIER = ChikatoTakenouchi.CollectionViewPracticeTests;
				PRODUCT_NAME = "$(TARGET_NAME)";
				SWIFT_VERSION = 5.0;
				TARGETED_DEVICE_FAMILY = "1,2";
				TEST_HOST = "$(BUILT_PRODUCTS_DIR)/CollectionViewPractice.app/CollectionViewPractice";
			};
			name = Debug;
		};
		CF3CC3E025255B33003A9032 /* Release */ = {
			isa = XCBuildConfiguration;
			buildSettings = {
				ALWAYS_EMBED_SWIFT_STANDARD_LIBRARIES = YES;
				BUNDLE_LOADER = "$(TEST_HOST)";
				CODE_SIGN_STYLE = Automatic;
				DEVELOPMENT_TEAM = DQ6L6A5H88;
				INFOPLIST_FILE = CollectionViewPracticeTests/Info.plist;
				IPHONEOS_DEPLOYMENT_TARGET = 14.0;
				LD_RUNPATH_SEARCH_PATHS = (
					"$(inherited)",
					"@executable_path/Frameworks",
					"@loader_path/Frameworks",
				);
				PRODUCT_BUNDLE_IDENTIFIER = ChikatoTakenouchi.CollectionViewPracticeTests;
				PRODUCT_NAME = "$(TARGET_NAME)";
				SWIFT_VERSION = 5.0;
				TARGETED_DEVICE_FAMILY = "1,2";
				TEST_HOST = "$(BUILT_PRODUCTS_DIR)/CollectionViewPractice.app/CollectionViewPractice";
			};
			name = Release;
		};
		CF3CC3E225255B33003A9032 /* Debug */ = {
			isa = XCBuildConfiguration;
			buildSettings = {
				ALWAYS_EMBED_SWIFT_STANDARD_LIBRARIES = YES;
				CODE_SIGN_STYLE = Automatic;
				DEVELOPMENT_TEAM = DQ6L6A5H88;
				INFOPLIST_FILE = CollectionViewPracticeUITests/Info.plist;
				LD_RUNPATH_SEARCH_PATHS = (
					"$(inherited)",
					"@executable_path/Frameworks",
					"@loader_path/Frameworks",
				);
				PRODUCT_BUNDLE_IDENTIFIER = ChikatoTakenouchi.CollectionViewPracticeUITests;
				PRODUCT_NAME = "$(TARGET_NAME)";
				SWIFT_VERSION = 5.0;
				TARGETED_DEVICE_FAMILY = "1,2";
				TEST_TARGET_NAME = CollectionViewPractice;
			};
			name = Debug;
		};
		CF3CC3E325255B33003A9032 /* Release */ = {
			isa = XCBuildConfiguration;
			buildSettings = {
				ALWAYS_EMBED_SWIFT_STANDARD_LIBRARIES = YES;
				CODE_SIGN_STYLE = Automatic;
				DEVELOPMENT_TEAM = DQ6L6A5H88;
				INFOPLIST_FILE = CollectionViewPracticeUITests/Info.plist;
				LD_RUNPATH_SEARCH_PATHS = (
					"$(inherited)",
					"@executable_path/Frameworks",
					"@loader_path/Frameworks",
				);
				PRODUCT_BUNDLE_IDENTIFIER = ChikatoTakenouchi.CollectionViewPracticeUITests;
				PRODUCT_NAME = "$(TARGET_NAME)";
				SWIFT_VERSION = 5.0;
				TARGETED_DEVICE_FAMILY = "1,2";
				TEST_TARGET_NAME = CollectionViewPractice;
			};
			name = Release;
		};
/* End XCBuildConfiguration section */

/* Begin XCConfigurationList section */
		CF3CC3AC25255B31003A9032 /* Build configuration list for PBXProject "CollectionViewPractice" */ = {
			isa = XCConfigurationList;
			buildConfigurations = (
				CF3CC3D925255B33003A9032 /* Debug */,
				CF3CC3DA25255B33003A9032 /* Release */,
			);
			defaultConfigurationIsVisible = 0;
			defaultConfigurationName = Release;
		};
		CF3CC3DB25255B33003A9032 /* Build configuration list for PBXNativeTarget "CollectionViewPractice" */ = {
			isa = XCConfigurationList;
			buildConfigurations = (
				CF3CC3DC25255B33003A9032 /* Debug */,
				CF3CC3DD25255B33003A9032 /* Release */,
			);
			defaultConfigurationIsVisible = 0;
			defaultConfigurationName = Release;
		};
		CF3CC3DE25255B33003A9032 /* Build configuration list for PBXNativeTarget "CollectionViewPracticeTests" */ = {
			isa = XCConfigurationList;
			buildConfigurations = (
				CF3CC3DF25255B33003A9032 /* Debug */,
				CF3CC3E025255B33003A9032 /* Release */,
			);
			defaultConfigurationIsVisible = 0;
			defaultConfigurationName = Release;
		};
		CF3CC3E125255B33003A9032 /* Build configuration list for PBXNativeTarget "CollectionViewPracticeUITests" */ = {
			isa = XCConfigurationList;
			buildConfigurations = (
				CF3CC3E225255B33003A9032 /* Debug */,
				CF3CC3E325255B33003A9032 /* Release */,
			);
			defaultConfigurationIsVisible = 0;
			defaultConfigurationName = Release;
		};
/* End XCConfigurationList section */
	};
	rootObject = CF3CC3A925255B31003A9032 /* Project object */;
}
